
Microsoft Visual Studio Solution File, Format Version 12.00
# Visual Studio Version 16
VisualStudioVersion = 16.0.31321.278
MinimumVisualStudioVersion = 10.0.40219.1
Project("{FAE04EC0-301F-11D3-BF4B-00C04F79EFBC}") = "GameCatalogue", "GameCatalogue.csproj", "{DA0F0F68-2D0D-4E4D-8C99-CBF6AFFEAF07}"
EndProject
Global
	GlobalSection(SolutionConfigurationPlatforms) = preSolution
		Debug|Any CPU = Debug|Any CPU
		Release|Any CPU = Release|Any CPU
	EndGlobalSection
	GlobalSection(ProjectConfigurationPlatforms) = postSolution
		{DA0F0F68-2D0D-4E4D-8C99-CBF6AFFEAF07}.Debug|Any CPU.ActiveCfg = Debug|Any CPU
		{DA0F0F68-2D0D-4E4D-8C99-CBF6AFFEAF07}.Debug|Any CPU.Build.0 = Debug|Any CPU
		{DA0F0F68-2D0D-4E4D-8C99-CBF6AFFEAF07}.Release|Any CPU.ActiveCfg = Release|Any CPU
		{DA0F0F68-2D0D-4E4D-8C99-CBF6AFFEAF07}.Release|Any CPU.Build.0 = Release|Any CPU
	EndGlobalSection
	GlobalSection(SolutionProperties) = preSolution
		HideSolutionNode = FALSE
	EndGlobalSection
	GlobalSection(ExtensibilityGlobals) = postSolution
		SolutionGuid = {79055C8E-4ED8-4CB3-A125-63C3E117D5F9}
	EndGlobalSection
EndGlobal
